
Microsoft Visual Studio Solution File, Format Version 12.00
# Visual Studio 15
VisualStudioVersion = 15.0.28010.2016
MinimumVisualStudioVersion = 10.0.40219.1
Project("{FAE04EC0-301F-11D3-BF4B-00C04F79EFBC}") = "NHttp.Test", "NHttp.Test\NHttp.Test.csproj", "{62DDBB7E-4016-4832-9113-06B23557F263}"
EndProject
Project("{2150E333-8FDC-42A3-9474-1A3956D46DE8}") = "Solution Items", "Solution Items", "{DB6E7F19-1850-4AA5-8FCC-39E53C0BFB27}"
	ProjectSection(SolutionItems) = preProject
		License.txt = License.txt
		README.markdown = README.markdown
	EndProjectSection
EndProject
Project("{FAE04EC0-301F-11D3-BF4B-00C04F79EFBC}") = "NHttp.Demo", "NHttp.Demo\NHttp.Demo.csproj", "{E9156E3C-F9F3-492B-B4EC-DBF12812195E}"
EndProject
Project("{9A19103F-16F7-4668-BE54-9A1E7A4F7556}") = "NHttp.Core", "NHttp.Core\NHttp.Core.csproj", "{A988BAC3-E258-4AF6-BF99-254216E19EC4}"
EndProject
Project("{9A19103F-16F7-4668-BE54-9A1E7A4F7556}") = "Wima.LogService.Core", "WMLogService.Core\Wima.LogService.Core.csproj", "{5D89E363-278D-4D8E-9BD5-BD2FE4ECFDE2}"
EndProject
Global
	GlobalSection(SolutionConfigurationPlatforms) = preSolution
		Debug|Any CPU = Debug|Any CPU
		Debug|Mixed Platforms = Debug|Mixed Platforms
		Debug|x86 = Debug|x86
		Release|Any CPU = Release|Any CPU
		Release|Mixed Platforms = Release|Mixed Platforms
		Release|x86 = Release|x86
	EndGlobalSection
	GlobalSection(ProjectConfigurationPlatforms) = postSolution
		{62DDBB7E-4016-4832-9113-06B23557F263}.Debug|Any CPU.ActiveCfg = Debug|Any CPU
		{62DDBB7E-4016-4832-9113-06B23557F263}.Debug|Any CPU.Build.0 = Debug|Any CPU
		{62DDBB7E-4016-4832-9113-06B23557F263}.Debug|Mixed Platforms.ActiveCfg = Debug|Any CPU
		{62DDBB7E-4016-4832-9113-06B23557F263}.Debug|Mixed Platforms.Build.0 = Debug|Any CPU
		{62DDBB7E-4016-4832-9113-06B23557F263}.Debug|x86.ActiveCfg = Debug|Any CPU
		{62DDBB7E-4016-4832-9113-06B23557F263}.Release|Any CPU.ActiveCfg = Release|Any CPU
		{62DDBB7E-4016-4832-9113-06B23557F263}.Release|Any CPU.Build.0 = Release|Any CPU
		{62DDBB7E-4016-4832-9113-06B23557F263}.Release|Mixed Platforms.ActiveCfg = Release|Any CPU
		{62DDBB7E-4016-4832-9113-06B23557F263}.Release|Mixed Platforms.Build.0 = Release|Any CPU
		{62DDBB7E-4016-4832-9113-06B23557F263}.Release|x86.ActiveCfg = Release|Any CPU
		{E9156E3C-F9F3-492B-B4EC-DBF12812195E}.Debug|Any CPU.ActiveCfg = Debug|x86
		{E9156E3C-F9F3-492B-B4EC-DBF12812195E}.Debug|Mixed Platforms.ActiveCfg = Debug|x86
		{E9156E3C-F9F3-492B-B4EC-DBF12812195E}.Debug|Mixed Platforms.Build.0 = Debug|x86
		{E9156E3C-F9F3-492B-B4EC-DBF12812195E}.Debug|x86.ActiveCfg = Debug|x86
		{E9156E3C-F9F3-492B-B4EC-DBF12812195E}.Debug|x86.Build.0 = Debug|x86
		{E9156E3C-F9F3-492B-B4EC-DBF12812195E}.Release|Any CPU.ActiveCfg = Release|x86
		{E9156E3C-F9F3-492B-B4EC-DBF12812195E}.Release|Mixed Platforms.ActiveCfg = Release|x86
		{E9156E3C-F9F3-492B-B4EC-DBF12812195E}.Release|Mixed Platforms.Build.0 = Release|x86
		{E9156E3C-F9F3-492B-B4EC-DBF12812195E}.Release|x86.ActiveCfg = Release|x86
		{E9156E3C-F9F3-492B-B4EC-DBF12812195E}.Release|x86.Build.0 = Release|x86
		{A988BAC3-E258-4AF6-BF99-254216E19EC4}.Debug|Any CPU.ActiveCfg = Debug|Any CPU
		{A988BAC3-E258-4AF6-BF99-254216E19EC4}.Debug|Any CPU.Build.0 = Debug|Any CPU
		{A988BAC3-E258-4AF6-BF99-254216E19EC4}.Debug|Mixed Platforms.ActiveCfg = Debug|Any CPU
		{A988BAC3-E258-4AF6-BF99-254216E19EC4}.Debug|Mixed Platforms.Build.0 = Debug|Any CPU
		{A988BAC3-E258-4AF6-BF99-254216E19EC4}.Debug|x86.ActiveCfg = Debug|Any CPU
		{A988BAC3-E258-4AF6-BF99-254216E19EC4}.Debug|x86.Build.0 = Debug|Any CPU
		{A988BAC3-E258-4AF6-BF99-254216E19EC4}.Release|Any CPU.ActiveCfg = Release|Any CPU
		{A988BAC3-E258-4AF6-BF99-254216E19EC4}.Release|Any CPU.Build.0 = Release|Any CPU
		{A988BAC3-E258-4AF6-BF99-254216E19EC4}.Release|Mixed Platforms.ActiveCfg = Release|Any CPU
		{A988BAC3-E258-4AF6-BF99-254216E19EC4}.Release|Mixed Platforms.Build.0 = Release|Any CPU
		{A988BAC3-E258-4AF6-BF99-254216E19EC4}.Release|x86.ActiveCfg = Release|Any CPU
		{A988BAC3-E258-4AF6-BF99-254216E19EC4}.Release|x86.Build.0 = Release|Any CPU
		{5D89E363-278D-4D8E-9BD5-BD2FE4ECFDE2}.Debug|Any CPU.ActiveCfg = Debug|Any CPU
		{5D89E363-278D-4D8E-9BD5-BD2FE4ECFDE2}.Debug|Any CPU.Build.0 = Debug|Any CPU
		{5D89E363-278D-4D8E-9BD5-BD2FE4ECFDE2}.Debug|Mixed Platforms.ActiveCfg = Debug|Any CPU
		{5D89E363-278D-4D8E-9BD5-BD2FE4ECFDE2}.Debug|Mixed Platforms.Build.0 = Debug|Any CPU
		{5D89E363-278D-4D8E-9BD5-BD2FE4ECFDE2}.Debug|x86.ActiveCfg = Debug|Any CPU
		{5D89E363-278D-4D8E-9BD5-BD2FE4ECFDE2}.Debug|x86.Build.0 = Debug|Any CPU
		{5D89E363-278D-4D8E-9BD5-BD2FE4ECFDE2}.Release|Any CPU.ActiveCfg = Release|Any CPU
		{5D89E363-278D-4D8E-9BD5-BD2FE4ECFDE2}.Release|Any CPU.Build.0 = Release|Any CPU
		{5D89E363-278D-4D8E-9BD5-BD2FE4ECFDE2}.Release|Mixed Platforms.ActiveCfg = Release|Any CPU
		{5D89E363-278D-4D8E-9BD5-BD2FE4ECFDE2}.Release|Mixed Platforms.Build.0 = Release|Any CPU
		{5D89E363-278D-4D8E-9BD5-BD2FE4ECFDE2}.Release|x86.ActiveCfg = Release|Any CPU
		{5D89E363-278D-4D8E-9BD5-BD2FE4ECFDE2}.Release|x86.Build.0 = Release|Any CPU
	EndGlobalSection
	GlobalSection(SolutionProperties) = preSolution
		HideSolutionNode = FALSE
	EndGlobalSection
	GlobalSection(ExtensibilityGlobals) = postSolution
		SolutionGuid = {54CC25AB-56CD-4981-B20A-1BA59D26EE67}
	EndGlobalSection
EndGlobal
